
Microsoft Visual Studio Solution File, Format Version 12.00
# Visual Studio Version 17
VisualStudioVersion = 17.5.33502.453
MinimumVisualStudioVersion = 10.0.40219.1
Project("{FAE04EC0-301F-11D3-BF4B-00C04F79EFBC}") = "BookApi", "BookApi\BookApi.csproj", "{30E4B101-9F1D-4DC8-BE69-D0D8962285F0}"
EndProject
Global
	GlobalSection(SolutionConfigurationPlatforms) = preSolution
		Debug|Any CPU = Debug|Any CPU
		Release|Any CPU = Release|Any CPU
	EndGlobalSection
	GlobalSection(ProjectConfigurationPlatforms) = postSolution
		{30E4B101-9F1D-4DC8-BE69-D0D8962285F0}.Debug|Any CPU.ActiveCfg = Debug|Any CPU
		{30E4B101-9F1D-4DC8-BE69-D0D8962285F0}.Debug|Any CPU.Build.0 = Debug|Any CPU
		{30E4B101-9F1D-4DC8-BE69-D0D8962285F0}.Release|Any CPU.ActiveCfg = Release|Any CPU
		{30E4B101-9F1D-4DC8-BE69-D0D8962285F0}.Release|Any CPU.Build.0 = Release|Any CPU
	EndGlobalSection
	GlobalSection(SolutionProperties) = preSolution
		HideSolutionNode = FALSE
	EndGlobalSection
	GlobalSection(ExtensibilityGlobals) = postSolution
		SolutionGuid = {0DC1EFD8-9546-4AF4-B415-08AFCE9FF262}
	EndGlobalSection
EndGlobal
